
Microsoft Visual Studio Solution File, Format Version 12.00
# Visual Studio Version 17
VisualStudioVersion = 17.0.31815.197
MinimumVisualStudioVersion = 10.0.40219.1
Project("{9A19103F-16F7-4668-BE54-9A1E7A4F7556}") = "Cse", "cool-gen-kansasdcf\Cse\Cse.csproj", "{19961CD8-305B-4014-95B2-10FA027040D9}"
EndProject
Project("{9A19103F-16F7-4668-BE54-9A1E7A4F7556}") = "Core", "cool-gen-kansasdcf\Core\Core.csproj", "{DF0679A5-A34F-412F-BB43-4C36D56C1C2B}"
EndProject
Project("{9A19103F-16F7-4668-BE54-9A1E7A4F7556}") = "Batch", "cool-gen-kansasdcf\Batch\Batch.csproj", "{FB652270-7DA5-4E78-B1D4-E9C98405A5DD}"
EndProject
Project("{9A19103F-16F7-4668-BE54-9A1E7A4F7556}") = "Bphx.Cool.Core", "Bphx.Cool.Net\Bphx.Cool.Core\Bphx.Cool.Core.csproj", "{154D5BC3-EAA7-4AE5-9982-E24FDE6A0A09}"
EndProject
Project("{9A19103F-16F7-4668-BE54-9A1E7A4F7556}") = "Bphx.Cool.Log", "Bphx.Cool.Net\Bphx.Cool.Log\Bphx.Cool.Log.csproj", "{107EA8F0-BBB2-4928-B3EB-3B3DD670B678}"
EndProject
Project("{9A19103F-16F7-4668-BE54-9A1E7A4F7556}") = "Tests", "cool-gen-kansasdcf\Tests\Tests.csproj", "{BAE47FE7-761F-4A71-B634-BEFE376E3275}"
EndProject
Project("{9A19103F-16F7-4668-BE54-9A1E7A4F7556}") = "GOV.KS.DCF.CSS.Common.BL", "kansasdcf-gen-code\GOV.KS.DCF.CSS.Common.BL\GOV.KS.DCF.CSS.Common.BL.csproj", "{0D019EC4-C584-41BE-8C96-02E8B64608FF}"
	ProjectSection(ProjectDependencies) = postProject
		{834F2706-AD8B-4024-9B9A-9FB3F739E948} = {834F2706-AD8B-4024-9B9A-9FB3F739E948}
		{BE7DEE1E-5901-48D7-A599-4DED0C40A56B} = {BE7DEE1E-5901-48D7-A599-4DED0C40A56B}
		{75C6D622-4204-4C19-97FD-A84D02F43B78} = {75C6D622-4204-4C19-97FD-A84D02F43B78}
		{EDBFB03B-5B54-492D-89E7-62AA767402F1} = {EDBFB03B-5B54-492D-89E7-62AA767402F1}
		{BAE5C13B-2EF1-4CD8-A018-56CDD80BD129} = {BAE5C13B-2EF1-4CD8-A018-56CDD80BD129}
		{3838EC5C-C744-4CDB-A670-B2259ACE79FB} = {3838EC5C-C744-4CDB-A670-B2259ACE79FB}
		{68B1246E-6CB0-46EF-8CBA-99AA8D78E8A6} = {68B1246E-6CB0-46EF-8CBA-99AA8D78E8A6}
		{6508CA7E-BDAF-4A90-8EE7-E3183394BD28} = {6508CA7E-BDAF-4A90-8EE7-E3183394BD28}
		{BC740688-E493-4208-BA6B-209BEB4EE8B8} = {BC740688-E493-4208-BA6B-209BEB4EE8B8}
		{989C2796-5D5D-4A20-BEE3-FD0BA8E8F1DA} = {989C2796-5D5D-4A20-BEE3-FD0BA8E8F1DA}
		{C8254A9E-A68E-4222-A26F-D603823F0BBB} = {C8254A9E-A68E-4222-A26F-D603823F0BBB}
		{DED777B9-4D6C-4EEC-B6AC-60D127C19EDD} = {DED777B9-4D6C-4EEC-B6AC-60D127C19EDD}
		{B5CF6ED5-9A8F-45DA-813B-701B98012258} = {B5CF6ED5-9A8F-45DA-813B-701B98012258}
		{126BA6DF-B7BC-4AC2-B721-BCA3EC288A3B} = {126BA6DF-B7BC-4AC2-B721-BCA3EC288A3B}
		{6BEA76EF-C07A-48DC-A4BE-E7BA59F2DA9C} = {6BEA76EF-C07A-48DC-A4BE-E7BA59F2DA9C}
	EndProjectSection
EndProject
Project("{9A19103F-16F7-4668-BE54-9A1E7A4F7556}") = "MDSY.Framework.Configuration.Common", "kansasdcf-frameworks-code\Configuration\MDSY.Framework.Configuration.Common\MDSY.Framework.Configuration.Common.csproj", "{C8254A9E-A68E-4222-A26F-D603823F0BBB}"
EndProject
Project("{9A19103F-16F7-4668-BE54-9A1E7A4F7556}") = "MDSY.Framework.Core", "kansasdcf-frameworks-code\Core\MDSY.Framework.Core\MDSY.Framework.Core.csproj", "{75C6D622-4204-4C19-97FD-A84D02F43B78}"
EndProject
Project("{9A19103F-16F7-4668-BE54-9A1E7A4F7556}") = "MDSY.Framework.Buffer.BaseClasses", "kansasdcf-frameworks-code\Buffer\MDSY.Framework.Buffer.BaseClasses\MDSY.Framework.Buffer.BaseClasses.csproj", "{68B1246E-6CB0-46EF-8CBA-99AA8D78E8A6}"
EndProject
Project("{9A19103F-16F7-4668-BE54-9A1E7A4F7556}") = "MDSY.Framework.Buffer.Common", "kansasdcf-frameworks-code\Buffer\MDSY.Framework.Buffer.Common\MDSY.Framework.Buffer.Common.csproj", "{126BA6DF-B7BC-4AC2-B721-BCA3EC288A3B}"
EndProject
Project("{9A19103F-16F7-4668-BE54-9A1E7A4F7556}") = "MDSY.Framework.Buffer.Extensions", "kansasdcf-frameworks-code\Buffer\MDSY.Framework.Buffer.Extensions\MDSY.Framework.Buffer.Extensions.csproj", "{6BEA76EF-C07A-48DC-A4BE-E7BA59F2DA9C}"
EndProject
Project("{9A19103F-16F7-4668-BE54-9A1E7A4F7556}") = "MDSY.Framework.Buffer.Implementation", "kansasdcf-frameworks-code\Buffer\MDSY.Framework.Buffer.Implementation\MDSY.Framework.Buffer.Implementation.csproj", "{EDBFB03B-5B54-492D-89E7-62AA767402F1}"
EndProject
Project("{9A19103F-16F7-4668-BE54-9A1E7A4F7556}") = "MDSY.Framework.Buffer.Interfaces", "kansasdcf-frameworks-code\Buffer\MDSY.Framework.Buffer.Interfaces\MDSY.Framework.Buffer.Interfaces.csproj", "{989C2796-5D5D-4A20-BEE3-FD0BA8E8F1DA}"
EndProject
Project("{9A19103F-16F7-4668-BE54-9A1E7A4F7556}") = "MDSY.Framework.Buffer.Services", "kansasdcf-frameworks-code\Buffer\MDSY.Framework.Buffer.Services\MDSY.Framework.Buffer.Services.csproj", "{BAE5C13B-2EF1-4CD8-A018-56CDD80BD129}"
EndProject
Project("{9A19103F-16F7-4668-BE54-9A1E7A4F7556}") = "MDSY.Framework.Buffer.Unity", "kansasdcf-frameworks-code\Buffer\MDSY.Framework.Buffer.Unity\MDSY.Framework.Buffer.Unity.csproj", "{BE7DEE1E-5901-48D7-A599-4DED0C40A56B}"
EndProject
Project("{9A19103F-16F7-4668-BE54-9A1E7A4F7556}") = "MDSY.Framework.Control.CICS", "kansasdcf-frameworks-code\Control\MDSY.Framework.Control.CICS\MDSY.Framework.Control.CICS.csproj", "{DED777B9-4D6C-4EEC-B6AC-60D127C19EDD}"
EndProject
Project("{9A19103F-16F7-4668-BE54-9A1E7A4F7556}") = "MDSY.Framework.Data.SQL", "kansasdcf-frameworks-code\Data\MDSY.Framework.Data.SQL\MDSY.Framework.Data.SQL.csproj", "{BC740688-E493-4208-BA6B-209BEB4EE8B8}"
EndProject
Project("{9A19103F-16F7-4668-BE54-9A1E7A4F7556}") = "MDSY.Framework.Interfaces", "kansasdcf-frameworks-code\Interfaces\MDSY.Framework.Interfaces\MDSY.Framework.Interfaces.csproj", "{B5CF6ED5-9A8F-45DA-813B-701B98012258}"
EndProject
Project("{9A19103F-16F7-4668-BE54-9A1E7A4F7556}") = "MDSY.Framework.IO.Common", "kansasdcf-frameworks-code\IO\MDSY.Framework.IO.Common\MDSY.Framework.IO.Common.csproj", "{3838EC5C-C744-4CDB-A670-B2259ACE79FB}"
EndProject
Project("{9A19103F-16F7-4668-BE54-9A1E7A4F7556}") = "MDSY.Framework.Service.Interfaces", "kansasdcf-frameworks-code\Services\MDSY.Framework.Service.Interfaces\MDSY.Framework.Service.Interfaces.csproj", "{834F2706-AD8B-4024-9B9A-9FB3F739E948}"
EndProject
Project("{9A19103F-16F7-4668-BE54-9A1E7A4F7556}") = "MDSY.Framework.UI.Angular", "kansasdcf-frameworks-code\UI\MDSY.Framework.UI.Angular\MDSY.Framework.UI.Angular.csproj", "{6508CA7E-BDAF-4A90-8EE7-E3183394BD28}"
EndProject
Project("{9A19103F-16F7-4668-BE54-9A1E7A4F7556}") = "MDSY.Utilities.Security", "kansasdcf-frameworks-code\MDSY.Utilities.Security\MDSY.Utilities.Security.csproj", "{DE39F666-B690-42F0-B48A-E377467C5E92}"
EndProject
Project("{9A19103F-16F7-4668-BE54-9A1E7A4F7556}") = "MDSY.Framework.Data.Vsam", "kansasdcf-frameworks-code\Data\MDSY.Framework.Data.Vsam\MDSY.Framework.Data.Vsam.csproj", "{074E0BE0-4938-4CC0-B0B6-A5AC3FDB45BF}"
EndProject
Project("{9A19103F-16F7-4668-BE54-9A1E7A4F7556}") = "GOV.KS.DCF.CSS.Batch.BL", "kansasdcf-gen-code\GOV.KS.DCF.CSS.Batch.BL\GOV.KS.DCF.CSS.Batch.BL.csproj", "{9FA22E04-5F6C-48E2-92D4-44808F10C380}"
EndProject
Project("{9A19103F-16F7-4668-BE54-9A1E7A4F7556}") = "GOV.KS.DCF.CSS.Test", "kansasdcf-gen-code\GOV.KS.DCF.CSS.Test\GOV.KS.DCF.CSS.Test.csproj", "{61507063-C2E3-4B5D-BA8B-28E4EDB2EAA6}"
EndProject
Project("{9A19103F-16F7-4668-BE54-9A1E7A4F7556}") = "MDSY.Framework.IO.RemoteBatch", "kansasdcf-frameworks-code\IO\MDSY.Framework.IO.RemoteBatch\MDSY.Framework.IO.RemoteBatch.csproj", "{BED4D3B4-B87A-4F68-A983-03806181B906}"
EndProject
Global
	GlobalSection(SolutionConfigurationPlatforms) = preSolution
		Debug|Any CPU = Debug|Any CPU
		Release|Any CPU = Release|Any CPU
	EndGlobalSection
	GlobalSection(ProjectConfigurationPlatforms) = postSolution
		{19961CD8-305B-4014-95B2-10FA027040D9}.Debug|Any CPU.ActiveCfg = Debug|Any CPU
		{19961CD8-305B-4014-95B2-10FA027040D9}.Debug|Any CPU.Build.0 = Debug|Any CPU
		{19961CD8-305B-4014-95B2-10FA027040D9}.Release|Any CPU.ActiveCfg = Release|Any CPU
		{19961CD8-305B-4014-95B2-10FA027040D9}.Release|Any CPU.Build.0 = Release|Any CPU
		{DF0679A5-A34F-412F-BB43-4C36D56C1C2B}.Debug|Any CPU.ActiveCfg = Debug|Any CPU
		{DF0679A5-A34F-412F-BB43-4C36D56C1C2B}.Debug|Any CPU.Build.0 = Debug|Any CPU
		{DF0679A5-A34F-412F-BB43-4C36D56C1C2B}.Release|Any CPU.ActiveCfg = Release|Any CPU
		{DF0679A5-A34F-412F-BB43-4C36D56C1C2B}.Release|Any CPU.Build.0 = Release|Any CPU
		{FB652270-7DA5-4E78-B1D4-E9C98405A5DD}.Debug|Any CPU.ActiveCfg = Debug|Any CPU
		{FB652270-7DA5-4E78-B1D4-E9C98405A5DD}.Debug|Any CPU.Build.0 = Debug|Any CPU
		{FB652270-7DA5-4E78-B1D4-E9C98405A5DD}.Release|Any CPU.ActiveCfg = Release|Any CPU
		{FB652270-7DA5-4E78-B1D4-E9C98405A5DD}.Release|Any CPU.Build.0 = Release|Any CPU
		{154D5BC3-EAA7-4AE5-9982-E24FDE6A0A09}.Debug|Any CPU.ActiveCfg = Debug|Any CPU
		{154D5BC3-EAA7-4AE5-9982-E24FDE6A0A09}.Debug|Any CPU.Build.0 = Debug|Any CPU
		{154D5BC3-EAA7-4AE5-9982-E24FDE6A0A09}.Release|Any CPU.ActiveCfg = Release|Any CPU
		{154D5BC3-EAA7-4AE5-9982-E24FDE6A0A09}.Release|Any CPU.Build.0 = Release|Any CPU
		{107EA8F0-BBB2-4928-B3EB-3B3DD670B678}.Debug|Any CPU.ActiveCfg = Debug|Any CPU
		{107EA8F0-BBB2-4928-B3EB-3B3DD670B678}.Debug|Any CPU.Build.0 = Debug|Any CPU
		{107EA8F0-BBB2-4928-B3EB-3B3DD670B678}.Release|Any CPU.ActiveCfg = Release|Any CPU
		{107EA8F0-BBB2-4928-B3EB-3B3DD670B678}.Release|Any CPU.Build.0 = Release|Any CPU
		{BAE47FE7-761F-4A71-B634-BEFE376E3275}.Debug|Any CPU.ActiveCfg = Debug|Any CPU
		{BAE47FE7-761F-4A71-B634-BEFE376E3275}.Debug|Any CPU.Build.0 = Debug|Any CPU
		{BAE47FE7-761F-4A71-B634-BEFE376E3275}.Release|Any CPU.ActiveCfg = Release|Any CPU
		{BAE47FE7-761F-4A71-B634-BEFE376E3275}.Release|Any CPU.Build.0 = Release|Any CPU
		{0D019EC4-C584-41BE-8C96-02E8B64608FF}.Debug|Any CPU.ActiveCfg = Debug|Any CPU
		{0D019EC4-C584-41BE-8C96-02E8B64608FF}.Debug|Any CPU.Build.0 = Debug|Any CPU
		{0D019EC4-C584-41BE-8C96-02E8B64608FF}.Release|Any CPU.ActiveCfg = Release|Any CPU
		{0D019EC4-C584-41BE-8C96-02E8B64608FF}.Release|Any CPU.Build.0 = Release|Any CPU
		{C8254A9E-A68E-4222-A26F-D603823F0BBB}.Debug|Any CPU.ActiveCfg = Debug|Any CPU
		{C8254A9E-A68E-4222-A26F-D603823F0BBB}.Debug|Any CPU.Build.0 = Debug|Any CPU
		{C8254A9E-A68E-4222-A26F-D603823F0BBB}.Release|Any CPU.ActiveCfg = Release|Any CPU
		{C8254A9E-A68E-4222-A26F-D603823F0BBB}.Release|Any CPU.Build.0 = Release|Any CPU
		{75C6D622-4204-4C19-97FD-A84D02F43B78}.Debug|Any CPU.ActiveCfg = Debug|Any CPU
		{75C6D622-4204-4C19-97FD-A84D02F43B78}.Debug|Any CPU.Build.0 = Debug|Any CPU
		{75C6D622-4204-4C19-97FD-A84D02F43B78}.Release|Any CPU.ActiveCfg = Release|Any CPU
		{75C6D622-4204-4C19-97FD-A84D02F43B78}.Release|Any CPU.Build.0 = Release|Any CPU
		{68B1246E-6CB0-46EF-8CBA-99AA8D78E8A6}.Debug|Any CPU.ActiveCfg = Debug|Any CPU
		{68B1246E-6CB0-46EF-8CBA-99AA8D78E8A6}.Debug|Any CPU.Build.0 = Debug|Any CPU
		{68B1246E-6CB0-46EF-8CBA-99AA8D78E8A6}.Release|Any CPU.ActiveCfg = Release|Any CPU
		{68B1246E-6CB0-46EF-8CBA-99AA8D78E8A6}.Release|Any CPU.Build.0 = Release|Any CPU
		{126BA6DF-B7BC-4AC2-B721-BCA3EC288A3B}.Debug|Any CPU.ActiveCfg = Debug|Any CPU
		{126BA6DF-B7BC-4AC2-B721-BCA3EC288A3B}.Debug|Any CPU.Build.0 = Debug|Any CPU
		{126BA6DF-B7BC-4AC2-B721-BCA3EC288A3B}.Release|Any CPU.ActiveCfg = Release|Any CPU
		{126BA6DF-B7BC-4AC2-B721-BCA3EC288A3B}.Release|Any CPU.Build.0 = Release|Any CPU
		{6BEA76EF-C07A-48DC-A4BE-E7BA59F2DA9C}.Debug|Any CPU.ActiveCfg = Debug|Any CPU
		{6BEA76EF-C07A-48DC-A4BE-E7BA59F2DA9C}.Debug|Any CPU.Build.0 = Debug|Any CPU
		{6BEA76EF-C07A-48DC-A4BE-E7BA59F2DA9C}.Release|Any CPU.ActiveCfg = Release|Any CPU
		{6BEA76EF-C07A-48DC-A4BE-E7BA59F2DA9C}.Release|Any CPU.Build.0 = Release|Any CPU
		{EDBFB03B-5B54-492D-89E7-62AA767402F1}.Debug|Any CPU.ActiveCfg = Debug|Any CPU
		{EDBFB03B-5B54-492D-89E7-62AA767402F1}.Debug|Any CPU.Build.0 = Debug|Any CPU
		{EDBFB03B-5B54-492D-89E7-62AA767402F1}.Release|Any CPU.ActiveCfg = Release|Any CPU
		{EDBFB03B-5B54-492D-89E7-62AA767402F1}.Release|Any CPU.Build.0 = Release|Any CPU
		{989C2796-5D5D-4A20-BEE3-FD0BA8E8F1DA}.Debug|Any CPU.ActiveCfg = Debug|Any CPU
		{989C2796-5D5D-4A20-BEE3-FD0BA8E8F1DA}.Debug|Any CPU.Build.0 = Debug|Any CPU
		{989C2796-5D5D-4A20-BEE3-FD0BA8E8F1DA}.Release|Any CPU.ActiveCfg = Release|Any CPU
		{989C2796-5D5D-4A20-BEE3-FD0BA8E8F1DA}.Release|Any CPU.Build.0 = Release|Any CPU
		{BAE5C13B-2EF1-4CD8-A018-56CDD80BD129}.Debug|Any CPU.ActiveCfg = Debug|Any CPU
		{BAE5C13B-2EF1-4CD8-A018-56CDD80BD129}.Debug|Any CPU.Build.0 = Debug|Any CPU
		{BAE5C13B-2EF1-4CD8-A018-56CDD80BD129}.Release|Any CPU.ActiveCfg = Release|Any CPU
		{BAE5C13B-2EF1-4CD8-A018-56CDD80BD129}.Release|Any CPU.Build.0 = Release|Any CPU
		{BE7DEE1E-5901-48D7-A599-4DED0C40A56B}.Debug|Any CPU.ActiveCfg = Debug|Any CPU
		{BE7DEE1E-5901-48D7-A599-4DED0C40A56B}.Debug|Any CPU.Build.0 = Debug|Any CPU
		{BE7DEE1E-5901-48D7-A599-4DED0C40A56B}.Release|Any CPU.ActiveCfg = Release|Any CPU
		{BE7DEE1E-5901-48D7-A599-4DED0C40A56B}.Release|Any CPU.Build.0 = Release|Any CPU
		{DED777B9-4D6C-4EEC-B6AC-60D127C19EDD}.Debug|Any CPU.ActiveCfg = Debug|Any CPU
		{DED777B9-4D6C-4EEC-B6AC-60D127C19EDD}.Debug|Any CPU.Build.0 = Debug|Any CPU
		{DED777B9-4D6C-4EEC-B6AC-60D127C19EDD}.Release|Any CPU.ActiveCfg = Release|Any CPU
		{DED777B9-4D6C-4EEC-B6AC-60D127C19EDD}.Release|Any CPU.Build.0 = Release|Any CPU
		{BC740688-E493-4208-BA6B-209BEB4EE8B8}.Debug|Any CPU.ActiveCfg = Debug|Any CPU
		{BC740688-E493-4208-BA6B-209BEB4EE8B8}.Debug|Any CPU.Build.0 = Debug|Any CPU
		{BC740688-E493-4208-BA6B-209BEB4EE8B8}.Release|Any CPU.ActiveCfg = Release|Any CPU
		{BC740688-E493-4208-BA6B-209BEB4EE8B8}.Release|Any CPU.Build.0 = Release|Any CPU
		{B5CF6ED5-9A8F-45DA-813B-701B98012258}.Debug|Any CPU.ActiveCfg = Debug|Any CPU
		{B5CF6ED5-9A8F-45DA-813B-701B98012258}.Debug|Any CPU.Build.0 = Debug|Any CPU
		{B5CF6ED5-9A8F-45DA-813B-701B98012258}.Release|Any CPU.ActiveCfg = Release|Any CPU
		{B5CF6ED5-9A8F-45DA-813B-701B98012258}.Release|Any CPU.Build.0 = Release|Any CPU
		{3838EC5C-C744-4CDB-A670-B2259ACE79FB}.Debug|Any CPU.ActiveCfg = Debug|Any CPU
		{3838EC5C-C744-4CDB-A670-B2259ACE79FB}.Debug|Any CPU.Build.0 = Debug|Any CPU
		{3838EC5C-C744-4CDB-A670-B2259ACE79FB}.Release|Any CPU.ActiveCfg = Release|Any CPU
		{3838EC5C-C744-4CDB-A670-B2259ACE79FB}.Release|Any CPU.Build.0 = Release|Any CPU
		{834F2706-AD8B-4024-9B9A-9FB3F739E948}.Debug|Any CPU.ActiveCfg = Debug|Any CPU
		{834F2706-AD8B-4024-9B9A-9FB3F739E948}.Debug|Any CPU.Build.0 = Debug|Any CPU
		{834F2706-AD8B-4024-9B9A-9FB3F739E948}.Release|Any CPU.ActiveCfg = Release|Any CPU
		{834F2706-AD8B-4024-9B9A-9FB3F739E948}.Release|Any CPU.Build.0 = Release|Any CPU
		{6508CA7E-BDAF-4A90-8EE7-E3183394BD28}.Debug|Any CPU.ActiveCfg = Debug|Any CPU
		{6508CA7E-BDAF-4A90-8EE7-E3183394BD28}.Debug|Any CPU.Build.0 = Debug|Any CPU
		{6508CA7E-BDAF-4A90-8EE7-E3183394BD28}.Release|Any CPU.ActiveCfg = Release|Any CPU
		{6508CA7E-BDAF-4A90-8EE7-E3183394BD28}.Release|Any CPU.Build.0 = Release|Any CPU
		{DE39F666-B690-42F0-B48A-E377467C5E92}.Debug|Any CPU.ActiveCfg = Debug|Any CPU
		{DE39F666-B690-42F0-B48A-E377467C5E92}.Debug|Any CPU.Build.0 = Debug|Any CPU
		{DE39F666-B690-42F0-B48A-E377467C5E92}.Release|Any CPU.ActiveCfg = Release|Any CPU
		{DE39F666-B690-42F0-B48A-E377467C5E92}.Release|Any CPU.Build.0 = Release|Any CPU
		{074E0BE0-4938-4CC0-B0B6-A5AC3FDB45BF}.Debug|Any CPU.ActiveCfg = Debug|Any CPU
		{074E0BE0-4938-4CC0-B0B6-A5AC3FDB45BF}.Debug|Any CPU.Build.0 = Debug|Any CPU
		{074E0BE0-4938-4CC0-B0B6-A5AC3FDB45BF}.Release|Any CPU.ActiveCfg = Release|Any CPU
		{074E0BE0-4938-4CC0-B0B6-A5AC3FDB45BF}.Release|Any CPU.Build.0 = Release|Any CPU
		{9FA22E04-5F6C-48E2-92D4-44808F10C380}.Debug|Any CPU.ActiveCfg = Debug|Any CPU
		{9FA22E04-5F6C-48E2-92D4-44808F10C380}.Debug|Any CPU.Build.0 = Debug|Any CPU
		{9FA22E04-5F6C-48E2-92D4-44808F10C380}.Release|Any CPU.ActiveCfg = Release|Any CPU
		{9FA22E04-5F6C-48E2-92D4-44808F10C380}.Release|Any CPU.Build.0 = Release|Any CPU
		{61507063-C2E3-4B5D-BA8B-28E4EDB2EAA6}.Debug|Any CPU.ActiveCfg = Debug|Any CPU
		{61507063-C2E3-4B5D-BA8B-28E4EDB2EAA6}.Debug|Any CPU.Build.0 = Debug|Any CPU
		{61507063-C2E3-4B5D-BA8B-28E4EDB2EAA6}.Release|Any CPU.ActiveCfg = Release|Any CPU
		{61507063-C2E3-4B5D-BA8B-28E4EDB2EAA6}.Release|Any CPU.Build.0 = Release|Any CPU
		{BED4D3B4-B87A-4F68-A983-03806181B906}.Debug|Any CPU.ActiveCfg = Debug|Any CPU
		{BED4D3B4-B87A-4F68-A983-03806181B906}.Debug|Any CPU.Build.0 = Debug|Any CPU
		{BED4D3B4-B87A-4F68-A983-03806181B906}.Release|Any CPU.ActiveCfg = Release|Any CPU
		{BED4D3B4-B87A-4F68-A983-03806181B906}.Release|Any CPU.Build.0 = Release|Any CPU
	EndGlobalSection
	GlobalSection(SolutionProperties) = preSolution
		HideSolutionNode = FALSE
	EndGlobalSection
	GlobalSection(ExtensibilityGlobals) = postSolution
		SolutionGuid = {04FD5BFF-EAFC-42D3-A692-860132219702}
	EndGlobalSection
EndGlobal
